
Microsoft Visual Studio Solution File, Format Version 12.00
# Visual Studio Version 17
VisualStudioVersion = 17.9.34902.65
MinimumVisualStudioVersion = 10.0.40219.1
Project("{FAE04EC0-301F-11D3-BF4B-00C04F79EFBC}") = "Router", "Router\Router.csproj", "{D3195831-3A7A-48BC-A62B-067E1DBFD4D7}"
EndProject
Project("{2150E333-8FDC-42A3-9474-1A3956D46DE8}") = "Solution Items", "Solution Items", "{64061CF8-CA6B-4E19-8876-87337E22FEDF}"
EndProject
Project("{FAE04EC0-301F-11D3-BF4B-00C04F79EFBC}") = "EmailTests", "EmailTests\EmailTests.csproj", "{CF293A9D-D8C9-47F0-9484-49E45D067DFD}"
EndProject
Project("{FAE04EC0-301F-11D3-BF4B-00C04F79EFBC}") = "OGARequestAccountDisable", "OGARequestAccountDisable\OGARequestAccountDisable.csproj", "{F8DEDE06-FBEB-44EB-A2FD-E450BD0E06F4}"
EndProject
Project("{FAE04EC0-301F-11D3-BF4B-00C04F79EFBC}") = "CommonUtilties", "CommonUtilties\CommonUtilties.csproj", "{3A6E2403-6D3D-4783-A929-4A30009AFB58}"
EndProject
Project("{FAE04EC0-301F-11D3-BF4B-00C04F79EFBC}") = "StartOutlook", "StartOutlook\StartOutlook.csproj", "{49C72DBC-3DCD-4DD7-A4F8-EDEA71572CA3}"
EndProject
Project("{FAE04EC0-301F-11D3-BF4B-00C04F79EFBC}") = "AddSuppEmailer", "AddSuppEmailer\AddSuppEmailer.csproj", "{A1B2C3D4-1111-1111-1111-000000000001}"
EndProject
Project("{FAE04EC0-301F-11D3-BF4B-00C04F79EFBC}") = "AddSuppProd", "AddSuppProd\AddSuppProd.csproj", "{A1B2C3D4-2222-2222-2222-000000000002}"
EndProject
Project("{FAE04EC0-301F-11D3-BF4B-00C04F79EFBC}") = "AddSuppVoteCollection", "AddSuppVoteCollection\AddSuppVoteCollection.csproj", "{A1B2C3D4-3333-3333-3333-000000000003}"
EndProject
Project("{FAE04EC0-301F-11D3-BF4B-00C04F79EFBC}") = "DocManEmail", "DocManEmail\DocManEmail.csproj", "{A1B2C3D4-4444-4444-4444-000000000004}"
EndProject
Project("{FAE04EC0-301F-11D3-BF4B-00C04F79EFBC}") = "EGrantsAcmAuditReport", "EGrantsAcmAuditReport\EGrantsAcmAuditReport.csproj", "{A1B2C3D4-5555-5555-5555-000000000005}"
EndProject
Project("{FAE04EC0-301F-11D3-BF4B-00C04F79EFBC}") = "ExchangeFixed", "ExchangeFixed\ExchangeFixed.csproj", "{A1B2C3D4-6666-6666-6666-000000000006}"
EndProject
Project("{FAE04EC0-301F-11D3-BF4B-00C04F79EFBC}") = "LoadPfr", "LoadPfr\LoadPfr.csproj", "{B8C9D0E1-8888-9999-0000-111122223333}"
EndProject
Project("{FAE04EC0-301F-11D3-BF4B-00C04F79EFBC}") = "LoadSuppPfr", "LoadSuppPfr\LoadSuppPfr.csproj", "{C9D0E1F2-9999-0000-1111-222233334444}"
EndProject
Global
	GlobalSection(SolutionConfigurationPlatforms) = preSolution
		Debug|Any CPU = Debug|Any CPU
		Debug|x64 = Debug|x64
		Debug|x86 = Debug|x86
		Release|Any CPU = Release|Any CPU
		Release|x64 = Release|x64
		Release|x86 = Release|x86
	EndGlobalSection
	GlobalSection(ProjectConfigurationPlatforms) = postSolution
		{D3195831-3A7A-48BC-A62B-067E1DBFD4D7}.Debug|Any CPU.ActiveCfg = Debug|Any CPU
		{D3195831-3A7A-48BC-A62B-067E1DBFD4D7}.Debug|Any CPU.Build.0 = Debug|Any CPU
		{D3195831-3A7A-48BC-A62B-067E1DBFD4D7}.Debug|x64.ActiveCfg = Debug|Any CPU
		{D3195831-3A7A-48BC-A62B-067E1DBFD4D7}.Debug|x64.Build.0 = Debug|Any CPU
		{D3195831-3A7A-48BC-A62B-067E1DBFD4D7}.Debug|x86.ActiveCfg = Debug|Any CPU
		{D3195831-3A7A-48BC-A62B-067E1DBFD4D7}.Debug|x86.Build.0 = Debug|Any CPU
		{D3195831-3A7A-48BC-A62B-067E1DBFD4D7}.Release|Any CPU.ActiveCfg = Release|Any CPU
		{D3195831-3A7A-48BC-A62B-067E1DBFD4D7}.Release|Any CPU.Build.0 = Release|Any CPU
		{D3195831-3A7A-48BC-A62B-067E1DBFD4D7}.Release|x64.ActiveCfg = Release|Any CPU
		{D3195831-3A7A-48BC-A62B-067E1DBFD4D7}.Release|x64.Build.0 = Release|Any CPU
		{D3195831-3A7A-48BC-A62B-067E1DBFD4D7}.Release|x86.ActiveCfg = Release|Any CPU
		{D3195831-3A7A-48BC-A62B-067E1DBFD4D7}.Release|x86.Build.0 = Release|Any CPU
		{CF293A9D-D8C9-47F0-9484-49E45D067DFD}.Debug|Any CPU.ActiveCfg = Debug|Any CPU
		{CF293A9D-D8C9-47F0-9484-49E45D067DFD}.Debug|Any CPU.Build.0 = Debug|Any CPU
		{CF293A9D-D8C9-47F0-9484-49E45D067DFD}.Debug|x64.ActiveCfg = Debug|Any CPU
		{CF293A9D-D8C9-47F0-9484-49E45D067DFD}.Debug|x64.Build.0 = Debug|Any CPU
		{CF293A9D-D8C9-47F0-9484-49E45D067DFD}.Debug|x86.ActiveCfg = Debug|Any CPU
		{CF293A9D-D8C9-47F0-9484-49E45D067DFD}.Debug|x86.Build.0 = Debug|Any CPU
		{CF293A9D-D8C9-47F0-9484-49E45D067DFD}.Release|Any CPU.ActiveCfg = Release|Any CPU
		{CF293A9D-D8C9-47F0-9484-49E45D067DFD}.Release|Any CPU.Build.0 = Release|Any CPU
		{CF293A9D-D8C9-47F0-9484-49E45D067DFD}.Release|x64.ActiveCfg = Release|Any CPU
		{CF293A9D-D8C9-47F0-9484-49E45D067DFD}.Release|x64.Build.0 = Release|Any CPU
		{CF293A9D-D8C9-47F0-9484-49E45D067DFD}.Release|x86.ActiveCfg = Release|Any CPU
		{CF293A9D-D8C9-47F0-9484-49E45D067DFD}.Release|x86.Build.0 = Release|Any CPU
		{F8DEDE06-FBEB-44EB-A2FD-E450BD0E06F4}.Debug|Any CPU.ActiveCfg = Debug|Any CPU
		{F8DEDE06-FBEB-44EB-A2FD-E450BD0E06F4}.Debug|Any CPU.Build.0 = Debug|Any CPU
		{F8DEDE06-FBEB-44EB-A2FD-E450BD0E06F4}.Debug|x64.ActiveCfg = Debug|Any CPU
		{F8DEDE06-FBEB-44EB-A2FD-E450BD0E06F4}.Debug|x64.Build.0 = Debug|Any CPU
		{F8DEDE06-FBEB-44EB-A2FD-E450BD0E06F4}.Debug|x86.ActiveCfg = Debug|Any CPU
		{F8DEDE06-FBEB-44EB-A2FD-E450BD0E06F4}.Debug|x86.Build.0 = Debug|Any CPU
		{F8DEDE06-FBEB-44EB-A2FD-E450BD0E06F4}.Release|Any CPU.ActiveCfg = Release|Any CPU
		{F8DEDE06-FBEB-44EB-A2FD-E450BD0E06F4}.Release|Any CPU.Build.0 = Release|Any CPU
		{F8DEDE06-FBEB-44EB-A2FD-E450BD0E06F4}.Release|x64.ActiveCfg = Release|Any CPU
		{F8DEDE06-FBEB-44EB-A2FD-E450BD0E06F4}.Release|x64.Build.0 = Release|Any CPU
		{F8DEDE06-FBEB-44EB-A2FD-E450BD0E06F4}.Release|x86.ActiveCfg = Release|Any CPU
		{F8DEDE06-FBEB-44EB-A2FD-E450BD0E06F4}.Release|x86.Build.0 = Release|Any CPU
		{3A6E2403-6D3D-4783-A929-4A30009AFB58}.Debug|Any CPU.ActiveCfg = Debug|Any CPU
		{3A6E2403-6D3D-4783-A929-4A30009AFB58}.Debug|Any CPU.Build.0 = Debug|Any CPU
		{3A6E2403-6D3D-4783-A929-4A30009AFB58}.Debug|x64.ActiveCfg = Debug|Any CPU
		{3A6E2403-6D3D-4783-A929-4A30009AFB58}.Debug|x64.Build.0 = Debug|Any CPU
		{3A6E2403-6D3D-4783-A929-4A30009AFB58}.Debug|x86.ActiveCfg = Debug|Any CPU
		{3A6E2403-6D3D-4783-A929-4A30009AFB58}.Debug|x86.Build.0 = Debug|Any CPU
		{3A6E2403-6D3D-4783-A929-4A30009AFB58}.Release|Any CPU.ActiveCfg = Release|Any CPU
		{3A6E2403-6D3D-4783-A929-4A30009AFB58}.Release|Any CPU.Build.0 = Release|Any CPU
		{3A6E2403-6D3D-4783-A929-4A30009AFB58}.Release|x64.ActiveCfg = Release|Any CPU
		{3A6E2403-6D3D-4783-A929-4A30009AFB58}.Release|x64.Build.0 = Release|Any CPU
		{3A6E2403-6D3D-4783-A929-4A30009AFB58}.Release|x86.ActiveCfg = Release|Any CPU
		{3A6E2403-6D3D-4783-A929-4A30009AFB58}.Release|x86.Build.0 = Release|Any CPU
		{49C72DBC-3DCD-4DD7-A4F8-EDEA71572CA3}.Debug|Any CPU.ActiveCfg = Debug|Any CPU
		{49C72DBC-3DCD-4DD7-A4F8-EDEA71572CA3}.Debug|Any CPU.Build.0 = Debug|Any CPU
		{49C72DBC-3DCD-4DD7-A4F8-EDEA71572CA3}.Debug|x64.ActiveCfg = Debug|Any CPU
		{49C72DBC-3DCD-4DD7-A4F8-EDEA71572CA3}.Debug|x64.Build.0 = Debug|Any CPU
		{49C72DBC-3DCD-4DD7-A4F8-EDEA71572CA3}.Debug|x86.ActiveCfg = Debug|Any CPU
		{49C72DBC-3DCD-4DD7-A4F8-EDEA71572CA3}.Debug|x86.Build.0 = Debug|Any CPU
		{49C72DBC-3DCD-4DD7-A4F8-EDEA71572CA3}.Release|Any CPU.ActiveCfg = Release|Any CPU
		{49C72DBC-3DCD-4DD7-A4F8-EDEA71572CA3}.Release|Any CPU.Build.0 = Release|Any CPU
		{49C72DBC-3DCD-4DD7-A4F8-EDEA71572CA3}.Release|x64.ActiveCfg = Release|Any CPU
		{49C72DBC-3DCD-4DD7-A4F8-EDEA71572CA3}.Release|x64.Build.0 = Release|Any CPU
		{49C72DBC-3DCD-4DD7-A4F8-EDEA71572CA3}.Release|x86.ActiveCfg = Release|Any CPU
		{49C72DBC-3DCD-4DD7-A4F8-EDEA71572CA3}.Release|x86.Build.0 = Release|Any CPU
		{A1B2C3D4-1111-1111-1111-000000000001}.Debug|Any CPU.ActiveCfg = Debug|Any CPU
		{A1B2C3D4-1111-1111-1111-000000000001}.Debug|Any CPU.Build.0 = Debug|Any CPU
		{A1B2C3D4-1111-1111-1111-000000000001}.Debug|x64.ActiveCfg = Debug|Any CPU
		{A1B2C3D4-1111-1111-1111-000000000001}.Debug|x64.Build.0 = Debug|Any CPU
		{A1B2C3D4-1111-1111-1111-000000000001}.Debug|x86.ActiveCfg = Debug|Any CPU
		{A1B2C3D4-1111-1111-1111-000000000001}.Debug|x86.Build.0 = Debug|Any CPU
		{A1B2C3D4-1111-1111-1111-000000000001}.Release|Any CPU.ActiveCfg = Release|Any CPU
		{A1B2C3D4-1111-1111-1111-000000000001}.Release|Any CPU.Build.0 = Release|Any CPU
		{A1B2C3D4-1111-1111-1111-000000000001}.Release|x64.ActiveCfg = Release|Any CPU
		{A1B2C3D4-1111-1111-1111-000000000001}.Release|x64.Build.0 = Release|Any CPU
		{A1B2C3D4-1111-1111-1111-000000000001}.Release|x86.ActiveCfg = Release|Any CPU
		{A1B2C3D4-1111-1111-1111-000000000001}.Release|x86.Build.0 = Release|Any CPU
		{A1B2C3D4-2222-2222-2222-000000000002}.Debug|Any CPU.ActiveCfg = Debug|Any CPU
		{A1B2C3D4-2222-2222-2222-000000000002}.Debug|Any CPU.Build.0 = Debug|Any CPU
		{A1B2C3D4-2222-2222-2222-000000000002}.Debug|x64.ActiveCfg = Debug|Any CPU
		{A1B2C3D4-2222-2222-2222-000000000002}.Debug|x64.Build.0 = Debug|Any CPU
		{A1B2C3D4-2222-2222-2222-000000000002}.Debug|x86.ActiveCfg = Debug|Any CPU
		{A1B2C3D4-2222-2222-2222-000000000002}.Debug|x86.Build.0 = Debug|Any CPU
		{A1B2C3D4-2222-2222-2222-000000000002}.Release|Any CPU.ActiveCfg = Release|Any CPU
		{A1B2C3D4-2222-2222-2222-000000000002}.Release|Any CPU.Build.0 = Release|Any CPU
		{A1B2C3D4-2222-2222-2222-000000000002}.Release|x64.ActiveCfg = Release|Any CPU
		{A1B2C3D4-2222-2222-2222-000000000002}.Release|x64.Build.0 = Release|Any CPU
		{A1B2C3D4-2222-2222-2222-000000000002}.Release|x86.ActiveCfg = Release|Any CPU
		{A1B2C3D4-2222-2222-2222-000000000002}.Release|x86.Build.0 = Release|Any CPU
		{A1B2C3D4-3333-3333-3333-000000000003}.Debug|Any CPU.ActiveCfg = Debug|Any CPU
		{A1B2C3D4-3333-3333-3333-000000000003}.Debug|Any CPU.Build.0 = Debug|Any CPU
		{A1B2C3D4-3333-3333-3333-000000000003}.Debug|x64.ActiveCfg = Debug|Any CPU
		{A1B2C3D4-3333-3333-3333-000000000003}.Debug|x64.Build.0 = Debug|Any CPU
		{A1B2C3D4-3333-3333-3333-000000000003}.Debug|x86.ActiveCfg = Debug|Any CPU
		{A1B2C3D4-3333-3333-3333-000000000003}.Debug|x86.Build.0 = Debug|Any CPU
		{A1B2C3D4-3333-3333-3333-000000000003}.Release|Any CPU.ActiveCfg = Release|Any CPU
		{A1B2C3D4-3333-3333-3333-000000000003}.Release|Any CPU.Build.0 = Release|Any CPU
		{A1B2C3D4-3333-3333-3333-000000000003}.Release|x64.ActiveCfg = Release|Any CPU
		{A1B2C3D4-3333-3333-3333-000000000003}.Release|x64.Build.0 = Release|Any CPU
		{A1B2C3D4-3333-3333-3333-000000000003}.Release|x86.ActiveCfg = Release|Any CPU
		{A1B2C3D4-3333-3333-3333-000000000003}.Release|x86.Build.0 = Release|Any CPU
		{A1B2C3D4-4444-4444-4444-000000000004}.Debug|Any CPU.ActiveCfg = Debug|Any CPU
		{A1B2C3D4-4444-4444-4444-000000000004}.Debug|Any CPU.Build.0 = Debug|Any CPU
		{A1B2C3D4-4444-4444-4444-000000000004}.Debug|x64.ActiveCfg = Debug|Any CPU
		{A1B2C3D4-4444-4444-4444-000000000004}.Debug|x64.Build.0 = Debug|Any CPU
		{A1B2C3D4-4444-4444-4444-000000000004}.Debug|x86.ActiveCfg = Debug|Any CPU
		{A1B2C3D4-4444-4444-4444-000000000004}.Debug|x86.Build.0 = Debug|Any CPU
		{A1B2C3D4-4444-4444-4444-000000000004}.Release|Any CPU.ActiveCfg = Release|Any CPU
		{A1B2C3D4-4444-4444-4444-000000000004}.Release|Any CPU.Build.0 = Release|Any CPU
		{A1B2C3D4-4444-4444-4444-000000000004}.Release|x64.ActiveCfg = Release|Any CPU
		{A1B2C3D4-4444-4444-4444-000000000004}.Release|x64.Build.0 = Release|Any CPU
		{A1B2C3D4-4444-4444-4444-000000000004}.Release|x86.ActiveCfg = Release|Any CPU
		{A1B2C3D4-4444-4444-4444-000000000004}.Release|x86.Build.0 = Release|Any CPU
		{A1B2C3D4-5555-5555-5555-000000000005}.Debug|Any CPU.ActiveCfg = Debug|Any CPU
		{A1B2C3D4-5555-5555-5555-000000000005}.Debug|Any CPU.Build.0 = Debug|Any CPU
		{A1B2C3D4-5555-5555-5555-000000000005}.Debug|x64.ActiveCfg = Debug|Any CPU
		{A1B2C3D4-5555-5555-5555-000000000005}.Debug|x64.Build.0 = Debug|Any CPU
		{A1B2C3D4-5555-5555-5555-000000000005}.Debug|x86.ActiveCfg = Debug|Any CPU
		{A1B2C3D4-5555-5555-5555-000000000005}.Debug|x86.Build.0 = Debug|Any CPU
		{A1B2C3D4-5555-5555-5555-000000000005}.Release|Any CPU.ActiveCfg = Release|Any CPU
		{A1B2C3D4-5555-5555-5555-000000000005}.Release|Any CPU.Build.0 = Release|Any CPU
		{A1B2C3D4-5555-5555-5555-000000000005}.Release|x64.ActiveCfg = Release|Any CPU
		{A1B2C3D4-5555-5555-5555-000000000005}.Release|x64.Build.0 = Release|Any CPU
		{A1B2C3D4-5555-5555-5555-000000000005}.Release|x86.ActiveCfg = Release|Any CPU
		{A1B2C3D4-5555-5555-5555-000000000005}.Release|x86.Build.0 = Release|Any CPU
		{A1B2C3D4-6666-6666-6666-000000000006}.Debug|Any CPU.ActiveCfg = Debug|Any CPU
		{A1B2C3D4-6666-6666-6666-000000000006}.Debug|Any CPU.Build.0 = Debug|Any CPU
		{A1B2C3D4-6666-6666-6666-000000000006}.Debug|x64.ActiveCfg = Debug|Any CPU
		{A1B2C3D4-6666-6666-6666-000000000006}.Debug|x64.Build.0 = Debug|Any CPU
		{A1B2C3D4-6666-6666-6666-000000000006}.Debug|x86.ActiveCfg = Debug|Any CPU
		{A1B2C3D4-6666-6666-6666-000000000006}.Debug|x86.Build.0 = Debug|Any CPU
		{A1B2C3D4-6666-6666-6666-000000000006}.Release|Any CPU.ActiveCfg = Release|Any CPU
		{A1B2C3D4-6666-6666-6666-000000000006}.Release|Any CPU.Build.0 = Release|Any CPU
		{A1B2C3D4-6666-6666-6666-000000000006}.Release|x64.ActiveCfg = Release|Any CPU
		{A1B2C3D4-6666-6666-6666-000000000006}.Release|x64.Build.0 = Release|Any CPU
		{A1B2C3D4-6666-6666-6666-000000000006}.Release|x86.ActiveCfg = Release|Any CPU
		{A1B2C3D4-6666-6666-6666-000000000006}.Release|x86.Build.0 = Release|Any CPU
		{B8C9D0E1-8888-9999-0000-111122223333}.Debug|Any CPU.ActiveCfg = Debug|Any CPU
		{B8C9D0E1-8888-9999-0000-111122223333}.Debug|Any CPU.Build.0 = Debug|Any CPU
		{B8C9D0E1-8888-9999-0000-111122223333}.Debug|x64.ActiveCfg = Debug|Any CPU
		{B8C9D0E1-8888-9999-0000-111122223333}.Debug|x64.Build.0 = Debug|Any CPU
		{B8C9D0E1-8888-9999-0000-111122223333}.Debug|x86.ActiveCfg = Debug|Any CPU
		{B8C9D0E1-8888-9999-0000-111122223333}.Debug|x86.Build.0 = Debug|Any CPU
		{B8C9D0E1-8888-9999-0000-111122223333}.Release|Any CPU.ActiveCfg = Release|Any CPU
		{B8C9D0E1-8888-9999-0000-111122223333}.Release|Any CPU.Build.0 = Release|Any CPU
		{B8C9D0E1-8888-9999-0000-111122223333}.Release|x64.ActiveCfg = Release|Any CPU
		{B8C9D0E1-8888-9999-0000-111122223333}.Release|x64.Build.0 = Release|Any CPU
		{B8C9D0E1-8888-9999-0000-111122223333}.Release|x86.ActiveCfg = Release|Any CPU
		{B8C9D0E1-8888-9999-0000-111122223333}.Release|x86.Build.0 = Release|Any CPU
		{C9D0E1F2-9999-0000-1111-222233334444}.Debug|Any CPU.ActiveCfg = Debug|Any CPU
		{C9D0E1F2-9999-0000-1111-222233334444}.Debug|Any CPU.Build.0 = Debug|Any CPU
		{C9D0E1F2-9999-0000-1111-222233334444}.Debug|x64.ActiveCfg = Debug|Any CPU
		{C9D0E1F2-9999-0000-1111-222233334444}.Debug|x64.Build.0 = Debug|Any CPU
		{C9D0E1F2-9999-0000-1111-222233334444}.Debug|x86.ActiveCfg = Debug|Any CPU
		{C9D0E1F2-9999-0000-1111-222233334444}.Debug|x86.Build.0 = Debug|Any CPU
		{C9D0E1F2-9999-0000-1111-222233334444}.Release|Any CPU.ActiveCfg = Release|Any CPU
		{C9D0E1F2-9999-0000-1111-222233334444}.Release|Any CPU.Build.0 = Release|Any CPU
		{C9D0E1F2-9999-0000-1111-222233334444}.Release|x64.ActiveCfg = Release|Any CPU
		{C9D0E1F2-9999-0000-1111-222233334444}.Release|x64.Build.0 = Release|Any CPU
		{C9D0E1F2-9999-0000-1111-222233334444}.Release|x86.ActiveCfg = Release|Any CPU
		{C9D0E1F2-9999-0000-1111-222233334444}.Release|x86.Build.0 = Release|Any CPU
	EndGlobalSection
	GlobalSection(SolutionProperties) = preSolution
		HideSolutionNode = FALSE
	EndGlobalSection
	GlobalSection(ExtensibilityGlobals) = postSolution
		SolutionGuid = {0B9B7CA0-6CFE-4709-AB12-4AD636FD3C40}
	EndGlobalSection
EndGlobal
