
Microsoft Visual Studio Solution File, Format Version 12.00
# Visual Studio Version 17
VisualStudioVersion = 17.9.34902.65
MinimumVisualStudioVersion = 10.0.40219.1
Project("{FAE04EC0-301F-11D3-BF4B-00C04F79EFBC}") = "Router", "Router\Router.csproj", "{D3195831-3A7A-48BC-A62B-067E1DBFD4D7}"
EndProject
Project("{2150E333-8FDC-42A3-9474-1A3956D46DE8}") = "Solution Items", "Solution Items", "{64061CF8-CA6B-4E19-8876-87337E22FEDF}"
EndProject
Project("{FAE04EC0-301F-11D3-BF4B-00C04F79EFBC}") = "EmailTests", "EmailTests\EmailTests.csproj", "{CF293A9D-D8C9-47F0-9484-49E45D067DFD}"
EndProject
Project("{FAE04EC0-301F-11D3-BF4B-00C04F79EFBC}") = "OGARequestAccountDisable", "OGARequestAccountDisable\OGARequestAccountDisable.csproj", "{F8DEDE06-FBEB-44EB-A2FD-E450BD0E06F4}"
EndProject
Project("{FAE04EC0-301F-11D3-BF4B-00C04F79EFBC}") = "CommonUtilties", "CommonUtilties\CommonUtilties.csproj", "{3A6E2403-6D3D-4783-A929-4A30009AFB58}"
EndProject
Project("{FAE04EC0-301F-11D3-BF4B-00C04F79EFBC}") = "StartOutlook", "StartOutlook\StartOutlook.csproj", "{49C72DBC-3DCD-4DD7-A4F8-EDEA71572CA3}"
EndProject
Project("{FAE04EC0-301F-11D3-BF4B-00C04F79EFBC}") = "AddSupp_VoteCollection", "AddSupp_VoteCollection\AddSupp_VoteCollection.csproj", "{7374F012-AFC3-432E-B5B9-DB7EECAF732B}"
EndProject
Global
	GlobalSection(SolutionConfigurationPlatforms) = preSolution
		Debug|Any CPU = Debug|Any CPU
		Release|Any CPU = Release|Any CPU
	EndGlobalSection
	GlobalSection(ProjectConfigurationPlatforms) = postSolution
		{D3195831-3A7A-48BC-A62B-067E1DBFD4D7}.Debug|Any CPU.ActiveCfg = Debug|Any CPU
		{D3195831-3A7A-48BC-A62B-067E1DBFD4D7}.Debug|Any CPU.Build.0 = Debug|Any CPU
		{D3195831-3A7A-48BC-A62B-067E1DBFD4D7}.Release|Any CPU.ActiveCfg = Release|Any CPU
		{D3195831-3A7A-48BC-A62B-067E1DBFD4D7}.Release|Any CPU.Build.0 = Release|Any CPU
		{CF293A9D-D8C9-47F0-9484-49E45D067DFD}.Debug|Any CPU.ActiveCfg = Debug|Any CPU
		{CF293A9D-D8C9-47F0-9484-49E45D067DFD}.Debug|Any CPU.Build.0 = Debug|Any CPU
		{CF293A9D-D8C9-47F0-9484-49E45D067DFD}.Release|Any CPU.ActiveCfg = Release|Any CPU
		{CF293A9D-D8C9-47F0-9484-49E45D067DFD}.Release|Any CPU.Build.0 = Release|Any CPU
		{F8DEDE06-FBEB-44EB-A2FD-E450BD0E06F4}.Debug|Any CPU.ActiveCfg = Debug|Any CPU
		{F8DEDE06-FBEB-44EB-A2FD-E450BD0E06F4}.Debug|Any CPU.Build.0 = Debug|Any CPU
		{F8DEDE06-FBEB-44EB-A2FD-E450BD0E06F4}.Release|Any CPU.ActiveCfg = Release|Any CPU
		{F8DEDE06-FBEB-44EB-A2FD-E450BD0E06F4}.Release|Any CPU.Build.0 = Release|Any CPU
		{3A6E2403-6D3D-4783-A929-4A30009AFB58}.Debug|Any CPU.ActiveCfg = Debug|Any CPU
		{3A6E2403-6D3D-4783-A929-4A30009AFB58}.Debug|Any CPU.Build.0 = Debug|Any CPU
		{3A6E2403-6D3D-4783-A929-4A30009AFB58}.Release|Any CPU.ActiveCfg = Release|Any CPU
		{3A6E2403-6D3D-4783-A929-4A30009AFB58}.Release|Any CPU.Build.0 = Release|Any CPU
		{49C72DBC-3DCD-4DD7-A4F8-EDEA71572CA3}.Debug|Any CPU.ActiveCfg = Debug|Any CPU
		{49C72DBC-3DCD-4DD7-A4F8-EDEA71572CA3}.Debug|Any CPU.Build.0 = Debug|Any CPU
		{49C72DBC-3DCD-4DD7-A4F8-EDEA71572CA3}.Release|Any CPU.ActiveCfg = Release|Any CPU
		{49C72DBC-3DCD-4DD7-A4F8-EDEA71572CA3}.Release|Any CPU.Build.0 = Release|Any CPU
		{7374F012-AFC3-432E-B5B9-DB7EECAF732B}.Debug|Any CPU.ActiveCfg = Debug|Any CPU
		{7374F012-AFC3-432E-B5B9-DB7EECAF732B}.Debug|Any CPU.Build.0 = Debug|Any CPU
		{7374F012-AFC3-432E-B5B9-DB7EECAF732B}.Release|Any CPU.ActiveCfg = Release|Any CPU
		{7374F012-AFC3-432E-B5B9-DB7EECAF732B}.Release|Any CPU.Build.0 = Release|Any CPU
	EndGlobalSection
	GlobalSection(SolutionProperties) = preSolution
		HideSolutionNode = FALSE
	EndGlobalSection
	GlobalSection(ExtensibilityGlobals) = postSolution
		SolutionGuid = {0B9B7CA0-6CFE-4709-AB12-4AD636FD3C40}
	EndGlobalSection
EndGlobal
